
Microsoft Visual Studio Solution File, Format Version 12.00
# Visual Studio Version 17
VisualStudioVersion = 17.7.34221.43
MinimumVisualStudioVersion = 10.0.40219.1
Project("{FAE04EC0-301F-11D3-BF4B-00C04F79EFBC}") = "NeetCodeGrind2024NewYear", "NeetCodeGrind2024NewYear\NeetCodeGrind2024NewYear.csproj", "{B2E121BF-A2E2-443C-A262-E66B440A97A1}"
EndProject
Global
	GlobalSection(SolutionConfigurationPlatforms) = preSolution
		Debug|Any CPU = Debug|Any CPU
		Release|Any CPU = Release|Any CPU
	EndGlobalSection
	GlobalSection(ProjectConfigurationPlatforms) = postSolution
		{B2E121BF-A2E2-443C-A262-E66B440A97A1}.Debug|Any CPU.ActiveCfg = Debug|Any CPU
		{B2E121BF-A2E2-443C-A262-E66B440A97A1}.Debug|Any CPU.Build.0 = Debug|Any CPU
		{B2E121BF-A2E2-443C-A262-E66B440A97A1}.Release|Any CPU.ActiveCfg = Release|Any CPU
		{B2E121BF-A2E2-443C-A262-E66B440A97A1}.Release|Any CPU.Build.0 = Release|Any CPU
	EndGlobalSection
	GlobalSection(SolutionProperties) = preSolution
		HideSolutionNode = FALSE
	EndGlobalSection
	GlobalSection(ExtensibilityGlobals) = postSolution
		SolutionGuid = {226EE3F7-505E-4FF9-974C-6D6AD7B9EE55}
	EndGlobalSection
EndGlobal
